
Microsoft Visual Studio Solution File, Format Version 12.00
# Visual Studio Version 17
VisualStudioVersion = 17.6.33829.357
MinimumVisualStudioVersion = 10.0.40219.1
Project("{FAE04EC0-301F-11D3-BF4B-00C04F79EFBC}") = "ChallengeApp", "ChallengeApp\ChallengeApp.csproj", "{BA5B468F-ABBF-4BBD-AA42-84BC4D9B6DD4}"
EndProject
Global
	GlobalSection(SolutionConfigurationPlatforms) = preSolution
		Debug|Any CPU = Debug|Any CPU
		Release|Any CPU = Release|Any CPU
	EndGlobalSection
	GlobalSection(ProjectConfigurationPlatforms) = postSolution
		{BA5B468F-ABBF-4BBD-AA42-84BC4D9B6DD4}.Debug|Any CPU.ActiveCfg = Debug|Any CPU
		{BA5B468F-ABBF-4BBD-AA42-84BC4D9B6DD4}.Debug|Any CPU.Build.0 = Debug|Any CPU
		{BA5B468F-ABBF-4BBD-AA42-84BC4D9B6DD4}.Release|Any CPU.ActiveCfg = Release|Any CPU
		{BA5B468F-ABBF-4BBD-AA42-84BC4D9B6DD4}.Release|Any CPU.Build.0 = Release|Any CPU
	EndGlobalSection
	GlobalSection(SolutionProperties) = preSolution
		HideSolutionNode = FALSE
	EndGlobalSection
	GlobalSection(ExtensibilityGlobals) = postSolution
		SolutionGuid = {BFAFDCB3-23D6-4968-91A0-337F81FF5C1C}
	EndGlobalSection
EndGlobal
